// !$*UTF8*$!
{
	archiveVersion = 1;
	classes = {
	};
	objectVersion = 46;
	objects = {

/* Begin PBXBuildFile section */
		9B1E71011DF5B8B70000A4FB /* main.m in Sources */ = {isa = PBXBuildFile; fileRef = 9B1E71001DF5B8B70000A4FB /* main.m */; };
		9B1E71041DF5B8B70000A4FB /* AppDelegate.m in Sources */ = {isa = PBXBuildFile; fileRef = 9B1E71031DF5B8B70000A4FB /* AppDelegate.m */; };
		9B1E71071DF5B8B70000A4FB /* ViewController.m in Sources */ = {isa = PBXBuildFile; fileRef = 9B1E71061DF5B8B70000A4FB /* ViewController.m */; };
		9B1E710A1DF5B8B70000A4FB /* Main.storyboard in Resources */ = {isa = PBXBuildFile; fileRef = 9B1E71081DF5B8B70000A4FB /* Main.storyboard */; };
		9B1E710C1DF5B8B70000A4FB /* Assets.xcassets in Resources */ = {isa = PBXBuildFile; fileRef = 9B1E710B1DF5B8B70000A4FB /* Assets.xcassets */; };
		9B1E710F1DF5B8B70000A4FB /* LaunchScreen.storyboard in Resources */ = {isa = PBXBuildFile; fileRef = 9B1E710D1DF5B8B70000A4FB /* LaunchScreen.storyboard */; };
		9B1E711A1DF5B8B70000A4FB /* PasswordManagerTests.m in Sources */ = {isa = PBXBuildFile; fileRef = 9B1E71191DF5B8B70000A4FB /* PasswordManagerTests.m */; };
		9B1E71251DF5B8B70000A4FB /* PasswordManagerUITests.m in Sources */ = {isa = PBXBuildFile; fileRef = 9B1E71241DF5B8B70000A4FB /* PasswordManagerUITests.m */; };
/* End PBXBuildFile section */

/* Begin PBXContainerItemProxy section */
		9B1E71161DF5B8B70000A4FB /* PBXContainerItemProxy */ = {
			isa = PBXContainerItemProxy;
			containerPortal = 9B1E70F41DF5B8B70000A4FB /* Project object */;
			proxyType = 1;
			remoteGlobalIDString = 9B1E70FB1DF5B8B70000A4FB;
			remoteInfo = PasswordManager;
		};
		9B1E71211DF5B8B70000A4FB /* PBXContainerItemProxy */ = {
			isa = PBXContainerItemProxy;
			containerPortal = 9B1E70F41DF5B8B70000A4FB /* Project object */;
			proxyType = 1;
			remoteGlobalIDString = 9B1E70FB1DF5B8B70000A4FB;
			remoteInfo = PasswordManager;
		};
/* End PBXContainerItemProxy section */

/* Begin PBXFileReference section */
		9B1E70FC1DF5B8B70000A4FB /* PasswordManager.app */ = {isa = PBXFileReference; explicitFileType = wrapper.application; includeInIndex = 0; path = PasswordManager.app; sourceTree = BUILT_PRODUCTS_DIR; };
		9B1E71001DF5B8B70000A4FB /* main.m */ = {isa = PBXFileReference; lastKnownFileType = sourcecode.c.objc; path = main.m; sourceTree = "<group>"; };
		9B1E71021DF5B8B70000A4FB /* AppDelegate.h */ = {isa = PBXFileReference; lastKnownFileType = sourcecode.c.h; path = AppDelegate.h; sourceTree = "<group>"; };
		9B1E71031DF5B8B70000A4FB /* AppDelegate.m */ = {isa = PBXFileReference; lastKnownFileType = sourcecode.c.objc; path = AppDelegate.m; sourceTree = "<group>"; };
		9B1E71051DF5B8B70000A4FB /* ViewController.h */ = {isa = PBXFileReference; lastKnownFileType = sourcecode.c.h; path = ViewController.h; sourceTree = "<group>"; };
		9B1E71061DF5B8B70000A4FB /* ViewController.m */ = {isa = PBXFileReference; lastKnownFileType = sourcecode.c.objc; path = ViewController.m; sourceTree = "<group>"; };
		9B1E71091DF5B8B70000A4FB /* Base */ = {isa = PBXFileReference; lastKnownFileType = file.storyboard; name = Base; path = Base.lproj/Main.storyboard; sourceTree = "<group>"; };
		9B1E710B1DF5B8B70000A4FB /* Assets.xcassets */ = {isa = PBXFileReference; lastKnownFileType = folder.assetcatalog; path = Assets.xcassets; sourceTree = "<group>"; };
		9B1E710E1DF5B8B70000A4FB /* Base */ = {isa = PBXFileReference; lastKnownFileType = file.storyboard; name = Base; path = Base.lproj/LaunchScreen.storyboard; sourceTree = "<group>"; };
		9B1E71101DF5B8B70000A4FB /* Info.plist */ = {isa = PBXFileReference; lastKnownFileType = text.plist.xml; path = Info.plist; sourceTree = "<group>"; };
		9B1E71151DF5B8B70000A4FB /* PasswordManagerTests.xctest */ = {isa = PBXFileReference; explicitFileType = wrapper.cfbundle; includeInIndex = 0; path = PasswordManagerTests.xctest; sourceTree = BUILT_PRODUCTS_DIR; };
		9B1E71191DF5B8B70000A4FB /* PasswordManagerTests.m */ = {isa = PBXFileReference; lastKnownFileType = sourcecode.c.objc; path = PasswordManagerTests.m; sourceTree = "<group>"; };
		9B1E711B1DF5B8B70000A4FB /* Info.plist */ = {isa = PBXFileReference; lastKnownFileType = text.plist.xml; path = Info.plist; sourceTree = "<group>"; };
		9B1E71201DF5B8B70000A4FB /* PasswordManagerUITests.xctest */ = {isa = PBXFileReference; explicitFileType = wrapper.cfbundle; includeInIndex = 0; path = PasswordManagerUITests.xctest; sourceTree = BUILT_PRODUCTS_DIR; };
		9B1E71241DF5B8B70000A4FB /* PasswordManagerUITests.m */ = {isa = PBXFileReference; lastKnownFileType = sourcecode.c.objc; path = PasswordManagerUITests.m; sourceTree = "<group>"; };
		9B1E71261DF5B8B70000A4FB /* Info.plist */ = {isa = PBXFileReference; lastKnownFileType = text.plist.xml; path = Info.plist; sourceTree = "<group>"; };
/* End PBXFileReference section */

/* Begin PBXFrameworksBuildPhase section */
		9B1E70F91DF5B8B70000A4FB /* Frameworks */ = {
			isa = PBXFrameworksBuildPhase;
			buildActionMask = 2147483647;
			files = (
			);
			runOnlyForDeploymentPostprocessing = 0;
		};
		9B1E71121DF5B8B70000A4FB /* Frameworks */ = {
			isa = PBXFrameworksBuildPhase;
			buildActionMask = 2147483647;
			files = (
			);
			runOnlyForDeploymentPostprocessing = 0;
		};
		9B1E711D1DF5B8B70000A4FB /* Frameworks */ = {
			isa = PBXFrameworksBuildPhase;
			buildActionMask = 2147483647;
			files = (
			);
			runOnlyForDeploymentPostprocessing = 0;
		};
/* End PBXFrameworksBuildPhase section */

/* Begin PBXGroup section */
		9B1E70F31DF5B8B70000A4FB = {
			isa = PBXGroup;
			children = (
				9B1E70FE1DF5B8B70000A4FB /* PasswordManager */,
				9B1E71181DF5B8B70000A4FB /* PasswordManagerTests */,
				9B1E71231DF5B8B70000A4FB /* PasswordManagerUITests */,
				9B1E70FD1DF5B8B70000A4FB /* Products */,
			);
			sourceTree = "<group>";
		};
		9B1E70FD1DF5B8B70000A4FB /* Products */ = {
			isa = PBXGroup;
			children = (
				9B1E70FC1DF5B8B70000A4FB /* PasswordManager.app */,
				9B1E71151DF5B8B70000A4FB /* PasswordManagerTests.xctest */,
				9B1E71201DF5B8B70000A4FB /* PasswordManagerUITests.xctest */,
			);
			name = Products;
			sourceTree = "<group>";
		};
		9B1E70FE1DF5B8B70000A4FB /* PasswordManager */ = {
			isa = PBXGroup;
			children = (
				9B1E71021DF5B8B70000A4FB /* AppDelegate.h */,
				9B1E71031DF5B8B70000A4FB /* AppDelegate.m */,
				9B1E71051DF5B8B70000A4FB /* ViewController.h */,
				9B1E71061DF5B8B70000A4FB /* ViewController.m */,
				9B1E71081DF5B8B70000A4FB /* Main.storyboard */,
				9B1E710B1DF5B8B70000A4FB /* Assets.xcassets */,
				9B1E710D1DF5B8B70000A4FB /* LaunchScreen.storyboard */,
				9B1E71101DF5B8B70000A4FB /* Info.plist */,
				9B1E70FF1DF5B8B70000A4FB /* Supporting Files */,
			);
			path = PasswordManager;
			sourceTree = "<group>";
		};
		9B1E70FF1DF5B8B70000A4FB /* Supporting Files */ = {
			isa = PBXGroup;
			children = (
				9B1E71001DF5B8B70000A4FB /* main.m */,
			);
			name = "Supporting Files";
			sourceTree = "<group>";
		};
		9B1E71181DF5B8B70000A4FB /* PasswordManagerTests */ = {
			isa = PBXGroup;
			children = (
				9B1E71191DF5B8B70000A4FB /* PasswordManagerTests.m */,
				9B1E711B1DF5B8B70000A4FB /* Info.plist */,
			);
			path = PasswordManagerTests;
			sourceTree = "<group>";
		};
		9B1E71231DF5B8B70000A4FB /* PasswordManagerUITests */ = {
			isa = PBXGroup;
			children = (
				9B1E71241DF5B8B70000A4FB /* PasswordManagerUITests.m */,
				9B1E71261DF5B8B70000A4FB /* Info.plist */,
			);
			path = PasswordManagerUITests;
			sourceTree = "<group>";
		};
/* End PBXGroup section */

/* Begin PBXNativeTarget section */
		9B1E70FB1DF5B8B70000A4FB /* PasswordManager */ = {
			isa = PBXNativeTarget;
			buildConfigurationList = 9B1E71291DF5B8B70000A4FB /* Build configuration list for PBXNativeTarget "PasswordManager" */;
			buildPhases = (
				9B1E70F81DF5B8B70000A4FB /* Sources */,
				9B1E70F91DF5B8B70000A4FB /* Frameworks */,
				9B1E70FA1DF5B8B70000A4FB /* Resources */,
			);
			buildRules = (
			);
			dependencies = (
			);
			name = PasswordManager;
			productName = PasswordManager;
			productReference = 9B1E70FC1DF5B8B70000A4FB /* PasswordManager.app */;
			productType = "com.apple.product-type.application";
		};
		9B1E71141DF5B8B70000A4FB /* PasswordManagerTests */ = {
			isa = PBXNativeTarget;
			buildConfigurationList = 9B1E712C1DF5B8B70000A4FB /* Build configuration list for PBXNativeTarget "PasswordManagerTests" */;
			buildPhases = (
				9B1E71111DF5B8B70000A4FB /* Sources */,
				9B1E71121DF5B8B70000A4FB /* Frameworks */,
				9B1E71131DF5B8B70000A4FB /* Resources */,
			);
			buildRules = (
			);
			dependencies = (
				9B1E71171DF5B8B70000A4FB /* PBXTargetDependency */,
			);
			name = PasswordManagerTests;
			productName = PasswordManagerTests;
			productReference = 9B1E71151DF5B8B70000A4FB /* PasswordManagerTests.xctest */;
			productType = "com.apple.product-type.bundle.unit-test";
		};
		9B1E711F1DF5B8B70000A4FB /* PasswordManagerUITests */ = {
			isa = PBXNativeTarget;
			buildConfigurationList = 9B1E712F1DF5B8B70000A4FB /* Build configuration list for PBXNativeTarget "PasswordManagerUITests" */;
			buildPhases = (
				9B1E711C1DF5B8B70000A4FB /* Sources */,
				9B1E711D1DF5B8B70000A4FB /* Frameworks */,
				9B1E711E1DF5B8B70000A4FB /* Resources */,
			);
			buildRules = (
			);
			dependencies = (
				9B1E71221DF5B8B70000A4FB /* PBXTargetDependency */,
			);
			name = PasswordManagerUITests;
			productName = PasswordManagerUITests;
			productReference = 9B1E71201DF5B8B70000A4FB /* PasswordManagerUITests.xctest */;
			productType = "com.apple.product-type.bundle.ui-testing";
		};
/* End PBXNativeTarget section */

/* Begin PBXProject section */
		9B1E70F41DF5B8B70000A4FB /* Project object */ = {
			isa = PBXProject;
			attributes = {
				LastUpgradeCheck = 0810;
				ORGANIZATIONNAME = nReality;
				TargetAttributes = {
					9B1E70FB1DF5B8B70000A4FB = {
						CreatedOnToolsVersion = 8.1;
						DevelopmentTeam = 8MDZR45CDF;
						ProvisioningStyle = Automatic;
					};
					9B1E71141DF5B8B70000A4FB = {
						CreatedOnToolsVersion = 8.1;
						DevelopmentTeam = 8MDZR45CDF;
						ProvisioningStyle = Automatic;
						TestTargetID = 9B1E70FB1DF5B8B70000A4FB;
					};
					9B1E711F1DF5B8B70000A4FB = {
						CreatedOnToolsVersion = 8.1;
						DevelopmentTeam = 8MDZR45CDF;
						ProvisioningStyle = Automatic;
						TestTargetID = 9B1E70FB1DF5B8B70000A4FB;
					};
				};
			};
			buildConfigurationList = 9B1E70F71DF5B8B70000A4FB /* Build configuration list for PBXProject "PasswordManager" */;
			compatibilityVersion = "Xcode 3.2";
			developmentRegion = English;
			hasScannedForEncodings = 0;
			knownRegions = (
				en,
				Base,
			);
			mainGroup = 9B1E70F31DF5B8B70000A4FB;
			productRefGroup = 9B1E70FD1DF5B8B70000A4FB /* Products */;
			projectDirPath = "";
			projectRoot = "";
			targets = (
				9B1E70FB1DF5B8B70000A4FB /* PasswordManager */,
				9B1E71141DF5B8B70000A4FB /* PasswordManagerTests */,
				9B1E711F1DF5B8B70000A4FB /* PasswordManagerUITests */,
			);
		};
/* End PBXProject section */

/* Begin PBXResourcesBuildPhase section */
		9B1E70FA1DF5B8B70000A4FB /* Resources */ = {
			isa = PBXResourcesBuildPhase;
			buildActionMask = 2147483647;
			files = (
				9B1E710F1DF5B8B70000A4FB /* LaunchScreen.storyboard in Resources */,
				9B1E710C1DF5B8B70000A4FB /* Assets.xcassets in Resources */,
				9B1E710A1DF5B8B70000A4FB /* Main.storyboard in Resources */,
			);
			runOnlyForDeploymentPostprocessing = 0;
		};
		9B1E71131DF5B8B70000A4FB /* Resources */ = {
			isa = PBXResourcesBuildPhase;
			buildActionMask = 2147483647;
			files = (
			);
			runOnlyForDeploymentPostprocessing = 0;
		};
		9B1E711E1DF5B8B70000A4FB /* Resources */ = {
			isa = PBXResourcesBuildPhase;
			buildActionMask = 2147483647;
			files = (
			);
			runOnlyForDeploymentPostprocessing = 0;
		};
/* End PBXResourcesBuildPhase section */

/* Begin PBXSourcesBuildPhase section */
		9B1E70F81DF5B8B70000A4FB /* Sources */ = {
			isa = PBXSourcesBuildPhase;
			buildActionMask = 2147483647;
			files = (
				9B1E71071DF5B8B70000A4FB /* ViewController.m in Sources */,
				9B1E71041DF5B8B70000A4FB /* AppDelegate.m in Sources */,
				9B1E71011DF5B8B70000A4FB /* main.m in Sources */,
			);
			runOnlyForDeploymentPostprocessing = 0;
		};
		9B1E71111DF5B8B70000A4FB /* Sources */ = {
			isa = PBXSourcesBuildPhase;
			buildActionMask = 2147483647;
			files = (
				9B1E711A1DF5B8B70000A4FB /* PasswordManagerTests.m in Sources */,
			);
			runOnlyForDeploymentPostprocessing = 0;
		};
		9B1E711C1DF5B8B70000A4FB /* Sources */ = {
			isa = PBXSourcesBuildPhase;
			buildActionMask = 2147483647;
			files = (
				9B1E71251DF5B8B70000A4FB /* PasswordManagerUITests.m in Sources */,
			);
			runOnlyForDeploymentPostprocessing = 0;
		};
/* End PBXSourcesBuildPhase section */

/* Begin PBXTargetDependency section */
		9B1E71171DF5B8B70000A4FB /* PBXTargetDependency */ = {
			isa = PBXTargetDependency;
			target = 9B1E70FB1DF5B8B70000A4FB /* PasswordManager */;
			targetProxy = 9B1E71161DF5B8B70000A4FB /* PBXContainerItemProxy */;
		};
		9B1E71221DF5B8B70000A4FB /* PBXTargetDependency */ = {
			isa = PBXTargetDependency;
			target = 9B1E70FB1DF5B8B70000A4FB /* PasswordManager */;
			targetProxy = 9B1E71211DF5B8B70000A4FB /* PBXContainerItemProxy */;
		};
/* End PBXTargetDependency section */

/* Begin PBXVariantGroup section */
		9B1E71081DF5B8B70000A4FB /* Main.storyboard */ = {
			isa = PBXVariantGroup;
			children = (
				9B1E71091DF5B8B70000A4FB /* Base */,
			);
			name = Main.storyboard;
			sourceTree = "<group>";
		};
		9B1E710D1DF5B8B70000A4FB /* LaunchScreen.storyboard */ = {
			isa = PBXVariantGroup;
			children = (
				9B1E710E1DF5B8B70000A4FB /* Base */,
			);
			name = LaunchScreen.storyboard;
			sourceTree = "<group>";
		};
/* End PBXVariantGroup section */

/* Begin XCBuildConfiguration section */
		9B1E71271DF5B8B70000A4FB /* Debug */ = {
			isa = XCBuildConfiguration;
			buildSettings = {
				ALWAYS_SEARCH_USER_PATHS = NO;
				CLANG_ANALYZER_NONNULL = YES;
				CLANG_CXX_LANGUAGE_STANDARD = "gnu++0x";
				CLANG_CXX_LIBRARY = "libc++";
				CLANG_ENABLE_MODULES = YES;
				CLANG_ENABLE_OBJC_ARC = YES;
				CLANG_WARN_BOOL_CONVERSION = YES;
				CLANG_WARN_CONSTANT_CONVERSION = YES;
				CLANG_WARN_DIRECT_OBJC_ISA_USAGE = YES_ERROR;
				CLANG_WARN_DOCUMENTATION_COMMENTS = YES;
				CLANG_WARN_EMPTY_BODY = YES;
				CLANG_WARN_ENUM_CONVERSION = YES;
				CLANG_WARN_INFINITE_RECURSION = YES;
				CLANG_WARN_INT_CONVERSION = YES;
				CLANG_WARN_OBJC_ROOT_CLASS = YES_ERROR;
				CLANG_WARN_SUSPICIOUS_MOVES = YES;
				CLANG_WARN_UNREACHABLE_CODE = YES;
				CLANG_WARN__DUPLICATE_METHOD_MATCH = YES;
				"CODE_SIGN_IDENTITY[sdk=iphoneos*]" = "iPhone Developer";
				COPY_PHASE_STRIP = NO;
				DEBUG_INFORMATION_FORMAT = dwarf;
				ENABLE_STRICT_OBJC_MSGSEND = YES;
				ENABLE_TESTABILITY = YES;
				GCC_C_LANGUAGE_STANDARD = gnu99;
				GCC_DYNAMIC_NO_PIC = NO;
				GCC_NO_COMMON_BLOCKS = YES;
				GCC_OPTIMIZATION_LEVEL = 0;
				GCC_PREPROCESSOR_DEFINITIONS = (
					"DEBUG=1",
					"$(inherited)",
				);
				GCC_WARN_64_TO_32_BIT_CONVERSION = YES;
				GCC_WARN_ABOUT_RETURN_TYPE = YES_ERROR;
				GCC_WARN_UNDECLARED_SELECTOR = YES;
				GCC_WARN_UNINITIALIZED_AUTOS = YES_AGGRESSIVE;
				GCC_WARN_UNUSED_FUNCTION = YES;
				GCC_WARN_UNUSED_VARIABLE = YES;
				IPHONEOS_DEPLOYMENT_TARGET = 10.1;
				MTL_ENABLE_DEBUG_INFO = YES;
				ONLY_ACTIVE_ARCH = YES;
				SDKROOT = iphoneos;
			};
			name = Debug;
		};
		9B1E71281DF5B8B70000A4FB /* Release */ = {
			isa = XCBuildConfiguration;
			buildSettings = {
				ALWAYS_SEARCH_USER_PATHS = NO;
				CLANG_ANALYZER_NONNULL = YES;
				CLANG_CXX_LANGUAGE_STANDARD = "gnu++0x";
				CLANG_CXX_LIBRARY = "libc++";
				CLANG_ENABLE_MODULES = YES;
				CLANG_ENABLE_OBJC_ARC = YES;
				CLANG_WARN_BOOL_CONVERSION = YES;
				CLANG_WARN_CONSTANT_CONVERSION = YES;
				CLANG_WARN_DIRECT_OBJC_ISA_USAGE = YES_ERROR;
				CLANG_WARN_DOCUMENTATION_COMMENTS = YES;
				CLANG_WARN_EMPTY_BODY = YES;
				CLANG_WARN_ENUM_CONVERSION = YES;
				CLANG_WARN_INFINITE_RECURSION = YES;
				CLANG_WARN_INT_CONVERSION = YES;
				CLANG_WARN_OBJC_ROOT_CLASS = YES_ERROR;
				CLANG_WARN_SUSPICIOUS_MOVES = YES;
				CLANG_WARN_UNREACHABLE_CODE = YES;
				CLANG_WARN__DUPLICATE_METHOD_MATCH = YES;
				"CODE_SIGN_IDENTITY[sdk=iphoneos*]" = "iPhone Developer";
				COPY_PHASE_STRIP = NO;
				DEBUG_INFORMATION_FORMAT = "dwarf-with-dsym";
				ENABLE_NS_ASSERTIONS = NO;
				ENABLE_STRICT_OBJC_MSGSEND = YES;
				GCC_C_LANGUAGE_STANDARD = gnu99;
				GCC_NO_COMMON_BLOCKS = YES;
				GCC_WARN_64_TO_32_BIT_CONVERSION = YES;
				GCC_WARN_ABOUT_RETURN_TYPE = YES_ERROR;
				GCC_WARN_UNDECLARED_SELECTOR = YES;
				GCC_WARN_UNINITIALIZED_AUTOS = YES_AGGRESSIVE;
				GCC_WARN_UNUSED_FUNCTION = YES;
				GCC_WARN_UNUSED_VARIABLE = YES;
				IPHONEOS_DEPLOYMENT_TARGET = 10.1;
				MTL_ENABLE_DEBUG_INFO = NO;
				SDKROOT = iphoneos;
				VALIDATE_PRODUCT = YES;
			};
			name = Release;
		};
		9B1E712A1DF5B8B70000A4FB /* Debug */ = {
			isa = XCBuildConfiguration;
			buildSettings = {
				ASSETCATALOG_COMPILER_APPICON_NAME = AppIcon;
				DEVELOPMENT_TEAM = 8MDZR45CDF;
				INFOPLIST_FILE = PasswordManager/Info.plist;
				LD_RUNPATH_SEARCH_PATHS = "$(inherited) @executable_path/Frameworks";
				PRODUCT_BUNDLE_IDENTIFIER = com.kata.PasswordManager;
				PRODUCT_NAME = "$(TARGET_NAME)";
			};
			name = Debug;
		};
		9B1E712B1DF5B8B70000A4FB /* Release */ = {
			isa = XCBuildConfiguration;
			buildSettings = {
				ASSETCATALOG_COMPILER_APPICON_NAME = AppIcon;
				DEVELOPMENT_TEAM = 8MDZR45CDF;
				INFOPLIST_FILE = PasswordManager/Info.plist;
				LD_RUNPATH_SEARCH_PATHS = "$(inherited) @executable_path/Frameworks";
				PRODUCT_BUNDLE_IDENTIFIER = com.kata.PasswordManager;
				PRODUCT_NAME = "$(TARGET_NAME)";
			};
			name = Release;
		};
		9B1E712D1DF5B8B70000A4FB /* Debug */ = {
			isa = XCBuildConfiguration;
			buildSettings = {
				BUNDLE_LOADER = "$(TEST_HOST)";
				DEVELOPMENT_TEAM = 8MDZR45CDF;
				INFOPLIST_FILE = PasswordManagerTests/Info.plist;
				LD_RUNPATH_SEARCH_PATHS = "$(inherited) @executable_path/Frameworks @loader_path/Frameworks";
				PRODUCT_BUNDLE_IDENTIFIER = com.kata.PasswordManagerTests;
				PRODUCT_NAME = "$(TARGET_NAME)";
				TEST_HOST = "$(BUILT_PRODUCTS_DIR)/PasswordManager.app/PasswordManager";
			};
			name = Debug;
		};
		9B1E712E1DF5B8B70000A4FB /* Release */ = {
			isa = XCBuildConfiguration;
			buildSettings = {
				BUNDLE_LOADER = "$(TEST_HOST)";
				DEVELOPMENT_TEAM = 8MDZR45CDF;
				INFOPLIST_FILE = PasswordManagerTests/Info.plist;
				LD_RUNPATH_SEARCH_PATHS = "$(inherited) @executable_path/Frameworks @loader_path/Frameworks";
				PRODUCT_BUNDLE_IDENTIFIER = com.kata.PasswordManagerTests;
				PRODUCT_NAME = "$(TARGET_NAME)";
				TEST_HOST = "$(BUILT_PRODUCTS_DIR)/PasswordManager.app/PasswordManager";
			};
			name = Release;
		};
		9B1E71301DF5B8B70000A4FB /* Debug */ = {
			isa = XCBuildConfiguration;
			buildSettings = {
				DEVELOPMENT_TEAM = 8MDZR45CDF;
				INFOPLIST_FILE = PasswordManagerUITests/Info.plist;
				LD_RUNPATH_SEARCH_PATHS = "$(inherited) @executable_path/Frameworks @loader_path/Frameworks";
				PRODUCT_BUNDLE_IDENTIFIER = com.kata.PasswordManagerUITests;
				PRODUCT_NAME = "$(TARGET_NAME)";
				TEST_TARGET_NAME = PasswordManager;
			};
			name = Debug;
		};
		9B1E71311DF5B8B70000A4FB /* Release */ = {
			isa = XCBuildConfiguration;
			buildSettings = {
				DEVELOPMENT_TEAM = 8MDZR45CDF;
				INFOPLIST_FILE = PasswordManagerUITests/Info.plist;
				LD_RUNPATH_SEARCH_PATHS = "$(inherited) @executable_path/Frameworks @loader_path/Frameworks";
				PRODUCT_BUNDLE_IDENTIFIER = com.kata.PasswordManagerUITests;
				PRODUCT_NAME = "$(TARGET_NAME)";
				TEST_TARGET_NAME = PasswordManager;
			};
			name = Release;
		};
/* End XCBuildConfiguration section */

/* Begin XCConfigurationList section */
		9B1E70F71DF5B8B70000A4FB /* Build configuration list for PBXProject "PasswordManager" */ = {
			isa = XCConfigurationList;
			buildConfigurations = (
				9B1E71271DF5B8B70000A4FB /* Debug */,
				9B1E71281DF5B8B70000A4FB /* Release */,
			);
			defaultConfigurationIsVisible = 0;
			defaultConfigurationName = Release;
		};
		9B1E71291DF5B8B70000A4FB /* Build configuration list for PBXNativeTarget "PasswordManager" */ = {
			isa = XCConfigurationList;
			buildConfigurations = (
				9B1E712A1DF5B8B70000A4FB /* Debug */,
				9B1E712B1DF5B8B70000A4FB /* Release */,
			);
			defaultConfigurationIsVisible = 0;
		};
		9B1E712C1DF5B8B70000A4FB /* Build configuration list for PBXNativeTarget "PasswordManagerTests" */ = {
			isa = XCConfigurationList;
			buildConfigurations = (
				9B1E712D1DF5B8B70000A4FB /* Debug */,
				9B1E712E1DF5B8B70000A4FB /* Release */,
			);
			defaultConfigurationIsVisible = 0;
		};
		9B1E712F1DF5B8B70000A4FB /* Build configuration list for PBXNativeTarget "PasswordManagerUITests" */ = {
			isa = XCConfigurationList;
			buildConfigurations = (
				9B1E71301DF5B8B70000A4FB /* Debug */,
				9B1E71311DF5B8B70000A4FB /* Release */,
			);
			defaultConfigurationIsVisible = 0;
		};
/* End XCConfigurationList section */
	};
	rootObject = 9B1E70F41DF5B8B70000A4FB /* Project object */;
}
